
Microsoft Visual Studio Solution File, Format Version 12.00
# Visual Studio Version 16
VisualStudioVersion = 16.0.30804.86
MinimumVisualStudioVersion = 10.0.40219.1
Project("{9A19103F-16F7-4668-BE54-9A1E7A4F7556}") = "Kampintro", "Kampintro\Kampintro.csproj", "{F365FD2F-9DEB-40F4-98AC-8106CD553924}"
EndProject
Project("{9A19103F-16F7-4668-BE54-9A1E7A4F7556}") = "Donguler", "Donguler\Donguler.csproj", "{4FA17620-15DA-4860-AB76-E1656429E22F}"
EndProject
Project("{9A19103F-16F7-4668-BE54-9A1E7A4F7556}") = "classintro", "classintro\classintro.csproj", "{A7FE4C88-8F71-4EEC-81CF-E8452B5953EB}"
EndProject
Project("{9A19103F-16F7-4668-BE54-9A1E7A4F7556}") = "Metotlar", "Metotlar\Metotlar.csproj", "{805A7915-544B-4DE8-B1D7-7FA7DE62078C}"
EndProject
Project("{9A19103F-16F7-4668-BE54-9A1E7A4F7556}") = "Matematik", "Matematik\Matematik.csproj", "{3F4CB850-DC22-405B-9EA6-D85732A1C18A}"
EndProject
Project("{9A19103F-16F7-4668-BE54-9A1E7A4F7556}") = "DegerVeReferansTıpler", "DegerVeReferansTıpler\DegerVeReferansTıpler.csproj", "{25679681-D43C-41C6-9708-B2CA352A74AC}"
EndProject
Project("{9A19103F-16F7-4668-BE54-9A1E7A4F7556}") = "OOP1", "OOP1\OOP1.csproj", "{3FFC5D1E-7375-442B-9C71-644849EFC1BB}"
EndProject
Project("{9A19103F-16F7-4668-BE54-9A1E7A4F7556}") = "Koleksiyonlar", "Koleksiyonlar\Koleksiyonlar.csproj", "{9CCE89AC-AF78-41B0-92C7-0948F234A5BF}"
EndProject
Project("{9A19103F-16F7-4668-BE54-9A1E7A4F7556}") = "GenericsIntro", "GenericsIntro\GenericsIntro.csproj", "{054ACCCA-29BE-4F1C-8428-44C8311516CD}"
EndProject
Project("{9A19103F-16F7-4668-BE54-9A1E7A4F7556}") = "Oop2", "Oop2\Oop2.csproj", "{6A490A18-0A14-48E8-93E5-8342A5B14494}"
EndProject
Project("{FAE04EC0-301F-11D3-BF4B-00C04F79EFBC}") = "OOP3", "OOP3\OOP3.csproj", "{03B1B358-0E59-44D5-A196-22B5B682B479}"
EndProject
Global
	GlobalSection(SolutionConfigurationPlatforms) = preSolution
		Debug|Any CPU = Debug|Any CPU
		Release|Any CPU = Release|Any CPU
	EndGlobalSection
	GlobalSection(ProjectConfigurationPlatforms) = postSolution
		{F365FD2F-9DEB-40F4-98AC-8106CD553924}.Debug|Any CPU.ActiveCfg = Debug|Any CPU
		{F365FD2F-9DEB-40F4-98AC-8106CD553924}.Debug|Any CPU.Build.0 = Debug|Any CPU
		{F365FD2F-9DEB-40F4-98AC-8106CD553924}.Release|Any CPU.ActiveCfg = Release|Any CPU
		{F365FD2F-9DEB-40F4-98AC-8106CD553924}.Release|Any CPU.Build.0 = Release|Any CPU
		{4FA17620-15DA-4860-AB76-E1656429E22F}.Debug|Any CPU.ActiveCfg = Debug|Any CPU
		{4FA17620-15DA-4860-AB76-E1656429E22F}.Debug|Any CPU.Build.0 = Debug|Any CPU
		{4FA17620-15DA-4860-AB76-E1656429E22F}.Release|Any CPU.ActiveCfg = Release|Any CPU
		{4FA17620-15DA-4860-AB76-E1656429E22F}.Release|Any CPU.Build.0 = Release|Any CPU
		{A7FE4C88-8F71-4EEC-81CF-E8452B5953EB}.Debug|Any CPU.ActiveCfg = Debug|Any CPU
		{A7FE4C88-8F71-4EEC-81CF-E8452B5953EB}.Debug|Any CPU.Build.0 = Debug|Any CPU
		{A7FE4C88-8F71-4EEC-81CF-E8452B5953EB}.Release|Any CPU.ActiveCfg = Release|Any CPU
		{A7FE4C88-8F71-4EEC-81CF-E8452B5953EB}.Release|Any CPU.Build.0 = Release|Any CPU
		{805A7915-544B-4DE8-B1D7-7FA7DE62078C}.Debug|Any CPU.ActiveCfg = Debug|Any CPU
		{805A7915-544B-4DE8-B1D7-7FA7DE62078C}.Debug|Any CPU.Build.0 = Debug|Any CPU
		{805A7915-544B-4DE8-B1D7-7FA7DE62078C}.Release|Any CPU.ActiveCfg = Release|Any CPU
		{805A7915-544B-4DE8-B1D7-7FA7DE62078C}.Release|Any CPU.Build.0 = Release|Any CPU
		{3F4CB850-DC22-405B-9EA6-D85732A1C18A}.Debug|Any CPU.ActiveCfg = Debug|Any CPU
		{3F4CB850-DC22-405B-9EA6-D85732A1C18A}.Debug|Any CPU.Build.0 = Debug|Any CPU
		{3F4CB850-DC22-405B-9EA6-D85732A1C18A}.Release|Any CPU.ActiveCfg = Release|Any CPU
		{3F4CB850-DC22-405B-9EA6-D85732A1C18A}.Release|Any CPU.Build.0 = Release|Any CPU
		{25679681-D43C-41C6-9708-B2CA352A74AC}.Debug|Any CPU.ActiveCfg = Debug|Any CPU
		{25679681-D43C-41C6-9708-B2CA352A74AC}.Debug|Any CPU.Build.0 = Debug|Any CPU
		{25679681-D43C-41C6-9708-B2CA352A74AC}.Release|Any CPU.ActiveCfg = Release|Any CPU
		{25679681-D43C-41C6-9708-B2CA352A74AC}.Release|Any CPU.Build.0 = Release|Any CPU
		{3FFC5D1E-7375-442B-9C71-644849EFC1BB}.Debug|Any CPU.ActiveCfg = Debug|Any CPU
		{3FFC5D1E-7375-442B-9C71-644849EFC1BB}.Debug|Any CPU.Build.0 = Debug|Any CPU
		{3FFC5D1E-7375-442B-9C71-644849EFC1BB}.Release|Any CPU.ActiveCfg = Release|Any CPU
		{3FFC5D1E-7375-442B-9C71-644849EFC1BB}.Release|Any CPU.Build.0 = Release|Any CPU
		{9CCE89AC-AF78-41B0-92C7-0948F234A5BF}.Debug|Any CPU.ActiveCfg = Debug|Any CPU
		{9CCE89AC-AF78-41B0-92C7-0948F234A5BF}.Debug|Any CPU.Build.0 = Debug|Any CPU
		{9CCE89AC-AF78-41B0-92C7-0948F234A5BF}.Release|Any CPU.ActiveCfg = Release|Any CPU
		{9CCE89AC-AF78-41B0-92C7-0948F234A5BF}.Release|Any CPU.Build.0 = Release|Any CPU
		{054ACCCA-29BE-4F1C-8428-44C8311516CD}.Debug|Any CPU.ActiveCfg = Debug|Any CPU
		{054ACCCA-29BE-4F1C-8428-44C8311516CD}.Debug|Any CPU.Build.0 = Debug|Any CPU
		{054ACCCA-29BE-4F1C-8428-44C8311516CD}.Release|Any CPU.ActiveCfg = Release|Any CPU
		{054ACCCA-29BE-4F1C-8428-44C8311516CD}.Release|Any CPU.Build.0 = Release|Any CPU
		{6A490A18-0A14-48E8-93E5-8342A5B14494}.Debug|Any CPU.ActiveCfg = Debug|Any CPU
		{6A490A18-0A14-48E8-93E5-8342A5B14494}.Debug|Any CPU.Build.0 = Debug|Any CPU
		{6A490A18-0A14-48E8-93E5-8342A5B14494}.Release|Any CPU.ActiveCfg = Release|Any CPU
		{6A490A18-0A14-48E8-93E5-8342A5B14494}.Release|Any CPU.Build.0 = Release|Any CPU
		{03B1B358-0E59-44D5-A196-22B5B682B479}.Debug|Any CPU.ActiveCfg = Debug|Any CPU
		{03B1B358-0E59-44D5-A196-22B5B682B479}.Debug|Any CPU.Build.0 = Debug|Any CPU
		{03B1B358-0E59-44D5-A196-22B5B682B479}.Release|Any CPU.ActiveCfg = Release|Any CPU
		{03B1B358-0E59-44D5-A196-22B5B682B479}.Release|Any CPU.Build.0 = Release|Any CPU
	EndGlobalSection
	GlobalSection(SolutionProperties) = preSolution
		HideSolutionNode = FALSE
	EndGlobalSection
	GlobalSection(ExtensibilityGlobals) = postSolution
		SolutionGuid = {49F928A0-A317-4736-AAE3-988F5738A8F7}
	EndGlobalSection
EndGlobal
